
Microsoft Visual Studio Solution File, Format Version 12.00
# Visual Studio Version 16
VisualStudioVersion = 16.0.28803.202
MinimumVisualStudioVersion = 10.0.40219.1
Project("{FAE04EC0-301F-11D3-BF4B-00C04F79EFBC}") = "User_Employee", "User_Employee\User_Employee.csproj", "{DE885655-49A8-416E-9A99-B50231AAA5B1}"
EndProject
Global
	GlobalSection(SolutionConfigurationPlatforms) = preSolution
		Debug|Any CPU = Debug|Any CPU
		Release|Any CPU = Release|Any CPU
	EndGlobalSection
	GlobalSection(ProjectConfigurationPlatforms) = postSolution
		{DE885655-49A8-416E-9A99-B50231AAA5B1}.Debug|Any CPU.ActiveCfg = Debug|Any CPU
		{DE885655-49A8-416E-9A99-B50231AAA5B1}.Debug|Any CPU.Build.0 = Debug|Any CPU
		{DE885655-49A8-416E-9A99-B50231AAA5B1}.Release|Any CPU.ActiveCfg = Release|Any CPU
		{DE885655-49A8-416E-9A99-B50231AAA5B1}.Release|Any CPU.Build.0 = Release|Any CPU
	EndGlobalSection
	GlobalSection(SolutionProperties) = preSolution
		HideSolutionNode = FALSE
	EndGlobalSection
	GlobalSection(ExtensibilityGlobals) = postSolution
		SolutionGuid = {E1C02994-BC66-4F1B-93F4-E9F8FC6BF5F1}
	EndGlobalSection
EndGlobal
